
Microsoft Visual Studio Solution File, Format Version 12.00
# Visual Studio Version 17
VisualStudioVersion = 17.5.33414.496
MinimumVisualStudioVersion = 10.0.40219.1
Project("{FAE04EC0-301F-11D3-BF4B-00C04F79EFBC}") = "Parcial2_SebastianRestrepoMira", "Parcial2_SebastianRestrepoMira\Parcial2_SebastianRestrepoMira.csproj", "{D184C637-0F2E-4EE9-AB43-5C25A1FFEC27}"
EndProject
Global
	GlobalSection(SolutionConfigurationPlatforms) = preSolution
		Debug|Any CPU = Debug|Any CPU
		Release|Any CPU = Release|Any CPU
	EndGlobalSection
	GlobalSection(ProjectConfigurationPlatforms) = postSolution
		{D184C637-0F2E-4EE9-AB43-5C25A1FFEC27}.Debug|Any CPU.ActiveCfg = Debug|Any CPU
		{D184C637-0F2E-4EE9-AB43-5C25A1FFEC27}.Debug|Any CPU.Build.0 = Debug|Any CPU
		{D184C637-0F2E-4EE9-AB43-5C25A1FFEC27}.Release|Any CPU.ActiveCfg = Release|Any CPU
		{D184C637-0F2E-4EE9-AB43-5C25A1FFEC27}.Release|Any CPU.Build.0 = Release|Any CPU
	EndGlobalSection
	GlobalSection(SolutionProperties) = preSolution
		HideSolutionNode = FALSE
	EndGlobalSection
	GlobalSection(ExtensibilityGlobals) = postSolution
		SolutionGuid = {BE587504-A219-459B-BF9C-C5E9C69371EC}
	EndGlobalSection
EndGlobal
